
Microsoft Visual Studio Solution File, Format Version 12.00
# Visual Studio Version 16
VisualStudioVersion = 16.0.29905.134
MinimumVisualStudioVersion = 10.0.40219.1
Project("{9A19103F-16F7-4668-BE54-9A1E7A4F7556}") = "Elfo.Wardein.Core", "Elfo.Wardein.Core\Elfo.Wardein.Core.csproj", "{EB0438FD-BA9B-428E-88C7-430A0FB3AA53}"
EndProject
Project("{9A19103F-16F7-4668-BE54-9A1E7A4F7556}") = "Elfo.Wardein", "Elfo.Wardein\Elfo.Wardein.csproj", "{7EED5720-57EC-49E7-B831-C3E5538E7B3E}"
EndProject
Project("{9A19103F-16F7-4668-BE54-9A1E7A4F7556}") = "Elfo.Wardein.API", "Elfo.Wardein.APIs\Elfo.Wardein.API.csproj", "{56FD636F-0F4E-4644-8713-6AA1FDFF713B}"
EndProject
Project("{9A19103F-16F7-4668-BE54-9A1E7A4F7556}") = "Elfo.Wardein.Watchers", "Elfo.Wardein.Watchers\Elfo.Wardein.Watchers.csproj", "{69EDA8D3-51B4-4986-A6AD-E57514071EEC}"
EndProject
Project("{9A19103F-16F7-4668-BE54-9A1E7A4F7556}") = "Elfo.Wardein.Integrations", "Elfo.Wardein.Integrations\Elfo.Wardein.Integrations.csproj", "{A9EBA788-3D89-4E26-ADB3-E3B29F4B0F7B}"
EndProject
Project("{9A19103F-16F7-4668-BE54-9A1E7A4F7556}") = "Elfo.Wardein.Integrations.Tests", "Elfo.Wardein.Integrations.Tests\Elfo.Wardein.Integrations.Tests.csproj", "{92AA3962-F5B8-46DC-85FA-0E06987F8F22}"
EndProject
Project("{9A19103F-16F7-4668-BE54-9A1E7A4F7556}") = "Elfo.Wardein.Abstractions", "Elfo.Wardein.Abstractions\Elfo.Wardein.Abstractions.csproj", "{47568C8B-1053-4245-BF6C-5F4EC1F69BE8}"
EndProject
Project("{FAE04EC0-301F-11D3-BF4B-00C04F79EFBC}") = "Elfo.Wardein.Services", "Elfo.Wardein.Services\Elfo.Wardein.Services.csproj", "{B744AEF5-79D6-4413-A921-D57D005FCE29}"
EndProject
Global
	GlobalSection(SolutionConfigurationPlatforms) = preSolution
		Debug|Any CPU = Debug|Any CPU
		Release|Any CPU = Release|Any CPU
	EndGlobalSection
	GlobalSection(ProjectConfigurationPlatforms) = postSolution
		{EB0438FD-BA9B-428E-88C7-430A0FB3AA53}.Debug|Any CPU.ActiveCfg = Debug|Any CPU
		{EB0438FD-BA9B-428E-88C7-430A0FB3AA53}.Debug|Any CPU.Build.0 = Debug|Any CPU
		{EB0438FD-BA9B-428E-88C7-430A0FB3AA53}.Release|Any CPU.ActiveCfg = Release|Any CPU
		{EB0438FD-BA9B-428E-88C7-430A0FB3AA53}.Release|Any CPU.Build.0 = Release|Any CPU
		{7EED5720-57EC-49E7-B831-C3E5538E7B3E}.Debug|Any CPU.ActiveCfg = Debug|Any CPU
		{7EED5720-57EC-49E7-B831-C3E5538E7B3E}.Debug|Any CPU.Build.0 = Debug|Any CPU
		{7EED5720-57EC-49E7-B831-C3E5538E7B3E}.Release|Any CPU.ActiveCfg = Release|Any CPU
		{7EED5720-57EC-49E7-B831-C3E5538E7B3E}.Release|Any CPU.Build.0 = Release|Any CPU
		{56FD636F-0F4E-4644-8713-6AA1FDFF713B}.Debug|Any CPU.ActiveCfg = Debug|Any CPU
		{56FD636F-0F4E-4644-8713-6AA1FDFF713B}.Debug|Any CPU.Build.0 = Debug|Any CPU
		{56FD636F-0F4E-4644-8713-6AA1FDFF713B}.Release|Any CPU.ActiveCfg = Release|Any CPU
		{56FD636F-0F4E-4644-8713-6AA1FDFF713B}.Release|Any CPU.Build.0 = Release|Any CPU
		{69EDA8D3-51B4-4986-A6AD-E57514071EEC}.Debug|Any CPU.ActiveCfg = Debug|Any CPU
		{69EDA8D3-51B4-4986-A6AD-E57514071EEC}.Debug|Any CPU.Build.0 = Debug|Any CPU
		{69EDA8D3-51B4-4986-A6AD-E57514071EEC}.Release|Any CPU.ActiveCfg = Release|Any CPU
		{69EDA8D3-51B4-4986-A6AD-E57514071EEC}.Release|Any CPU.Build.0 = Release|Any CPU
		{A9EBA788-3D89-4E26-ADB3-E3B29F4B0F7B}.Debug|Any CPU.ActiveCfg = Debug|Any CPU
		{A9EBA788-3D89-4E26-ADB3-E3B29F4B0F7B}.Debug|Any CPU.Build.0 = Debug|Any CPU
		{A9EBA788-3D89-4E26-ADB3-E3B29F4B0F7B}.Release|Any CPU.ActiveCfg = Release|Any CPU
		{A9EBA788-3D89-4E26-ADB3-E3B29F4B0F7B}.Release|Any CPU.Build.0 = Release|Any CPU
		{92AA3962-F5B8-46DC-85FA-0E06987F8F22}.Debug|Any CPU.ActiveCfg = Debug|Any CPU
		{92AA3962-F5B8-46DC-85FA-0E06987F8F22}.Debug|Any CPU.Build.0 = Debug|Any CPU
		{92AA3962-F5B8-46DC-85FA-0E06987F8F22}.Release|Any CPU.ActiveCfg = Release|Any CPU
		{92AA3962-F5B8-46DC-85FA-0E06987F8F22}.Release|Any CPU.Build.0 = Release|Any CPU
		{47568C8B-1053-4245-BF6C-5F4EC1F69BE8}.Debug|Any CPU.ActiveCfg = Debug|Any CPU
		{47568C8B-1053-4245-BF6C-5F4EC1F69BE8}.Debug|Any CPU.Build.0 = Debug|Any CPU
		{47568C8B-1053-4245-BF6C-5F4EC1F69BE8}.Release|Any CPU.ActiveCfg = Release|Any CPU
		{47568C8B-1053-4245-BF6C-5F4EC1F69BE8}.Release|Any CPU.Build.0 = Release|Any CPU
		{B744AEF5-79D6-4413-A921-D57D005FCE29}.Debug|Any CPU.ActiveCfg = Debug|Any CPU
		{B744AEF5-79D6-4413-A921-D57D005FCE29}.Debug|Any CPU.Build.0 = Debug|Any CPU
		{B744AEF5-79D6-4413-A921-D57D005FCE29}.Release|Any CPU.ActiveCfg = Release|Any CPU
		{B744AEF5-79D6-4413-A921-D57D005FCE29}.Release|Any CPU.Build.0 = Release|Any CPU
	EndGlobalSection
	GlobalSection(SolutionProperties) = preSolution
		HideSolutionNode = FALSE
	EndGlobalSection
	GlobalSection(ExtensibilityGlobals) = postSolution
		SolutionGuid = {7CDC5A73-E37E-49C0-9E3F-38765F7BB69E}
	EndGlobalSection
EndGlobal
